
Microsoft Visual Studio Solution File, Format Version 12.00
# Visual Studio Version 16
VisualStudioVersion = 16.0.29424.173
MinimumVisualStudioVersion = 10.0.40219.1
Project("{FAE04EC0-301F-11D3-BF4B-00C04F79EFBC}") = "CSharp", "CSharp\CSharp.csproj", "{94E5E1C8-7CA0-4F31-A415-3EC85235A3C8}"
EndProject
Project("{8BC9CEB8-8B4A-11D0-8D11-00A0C91BC942}") = "CppLibrary", "CppLibrary\CppLibrary.vcxproj", "{1F9B2017-173D-491D-92A5-8C3D98295220}"
EndProject
Global
	GlobalSection(SolutionConfigurationPlatforms) = preSolution
		Debug|Any CPU = Debug|Any CPU
		Debug|x64 = Debug|x64
		Debug|x86 = Debug|x86
		Release|Any CPU = Release|Any CPU
		Release|x64 = Release|x64
		Release|x86 = Release|x86
	EndGlobalSection
	GlobalSection(ProjectConfigurationPlatforms) = postSolution
		{94E5E1C8-7CA0-4F31-A415-3EC85235A3C8}.Debug|Any CPU.ActiveCfg = Debug|Any CPU
		{94E5E1C8-7CA0-4F31-A415-3EC85235A3C8}.Debug|Any CPU.Build.0 = Debug|Any CPU
		{94E5E1C8-7CA0-4F31-A415-3EC85235A3C8}.Debug|x64.ActiveCfg = Debug|Any CPU
		{94E5E1C8-7CA0-4F31-A415-3EC85235A3C8}.Debug|x64.Build.0 = Debug|Any CPU
		{94E5E1C8-7CA0-4F31-A415-3EC85235A3C8}.Debug|x86.ActiveCfg = Debug|Any CPU
		{94E5E1C8-7CA0-4F31-A415-3EC85235A3C8}.Debug|x86.Build.0 = Debug|Any CPU
		{94E5E1C8-7CA0-4F31-A415-3EC85235A3C8}.Release|Any CPU.ActiveCfg = Release|Any CPU
		{94E5E1C8-7CA0-4F31-A415-3EC85235A3C8}.Release|Any CPU.Build.0 = Release|Any CPU
		{94E5E1C8-7CA0-4F31-A415-3EC85235A3C8}.Release|x64.ActiveCfg = Release|Any CPU
		{94E5E1C8-7CA0-4F31-A415-3EC85235A3C8}.Release|x64.Build.0 = Release|Any CPU
		{94E5E1C8-7CA0-4F31-A415-3EC85235A3C8}.Release|x86.ActiveCfg = Release|Any CPU
		{94E5E1C8-7CA0-4F31-A415-3EC85235A3C8}.Release|x86.Build.0 = Release|Any CPU
		{1F9B2017-173D-491D-92A5-8C3D98295220}.Debug|Any CPU.ActiveCfg = Debug|Win32
		{1F9B2017-173D-491D-92A5-8C3D98295220}.Debug|x64.ActiveCfg = Debug|x64
		{1F9B2017-173D-491D-92A5-8C3D98295220}.Debug|x64.Build.0 = Debug|x64
		{1F9B2017-173D-491D-92A5-8C3D98295220}.Debug|x86.ActiveCfg = Debug|Win32
		{1F9B2017-173D-491D-92A5-8C3D98295220}.Debug|x86.Build.0 = Debug|Win32
		{1F9B2017-173D-491D-92A5-8C3D98295220}.Release|Any CPU.ActiveCfg = Release|Win32
		{1F9B2017-173D-491D-92A5-8C3D98295220}.Release|x64.ActiveCfg = Release|x64
		{1F9B2017-173D-491D-92A5-8C3D98295220}.Release|x64.Build.0 = Release|x64
		{1F9B2017-173D-491D-92A5-8C3D98295220}.Release|x86.ActiveCfg = Release|Win32
		{1F9B2017-173D-491D-92A5-8C3D98295220}.Release|x86.Build.0 = Release|Win32
	EndGlobalSection
	GlobalSection(SolutionProperties) = preSolution
		HideSolutionNode = FALSE
	EndGlobalSection
	GlobalSection(ExtensibilityGlobals) = postSolution
		SolutionGuid = {2F687259-2D3B-4F20-A631-EC8EFE91BC51}
	EndGlobalSection
EndGlobal
